
Microsoft Visual Studio Solution File, Format Version 12.00
# Visual Studio Version 16
VisualStudioVersion = 16.0.32002.261
MinimumVisualStudioVersion = 10.0.40219.1
Project("{FAE04EC0-301F-11D3-BF4B-00C04F79EFBC}") = "BowlingLeague", "BowlingLeague.csproj", "{9604C683-99ED-4E5D-9932-DA48C936D94E}"
EndProject
Global
	GlobalSection(SolutionConfigurationPlatforms) = preSolution
		Debug|Any CPU = Debug|Any CPU
		Release|Any CPU = Release|Any CPU
	EndGlobalSection
	GlobalSection(ProjectConfigurationPlatforms) = postSolution
		{9604C683-99ED-4E5D-9932-DA48C936D94E}.Debug|Any CPU.ActiveCfg = Debug|Any CPU
		{9604C683-99ED-4E5D-9932-DA48C936D94E}.Debug|Any CPU.Build.0 = Debug|Any CPU
		{9604C683-99ED-4E5D-9932-DA48C936D94E}.Release|Any CPU.ActiveCfg = Release|Any CPU
		{9604C683-99ED-4E5D-9932-DA48C936D94E}.Release|Any CPU.Build.0 = Release|Any CPU
	EndGlobalSection
	GlobalSection(SolutionProperties) = preSolution
		HideSolutionNode = FALSE
	EndGlobalSection
	GlobalSection(ExtensibilityGlobals) = postSolution
		SolutionGuid = {4813EEAB-9C7C-448D-9DFF-59096ADDDFFB}
	EndGlobalSection
EndGlobal
